
Microsoft Visual Studio Solution File, Format Version 12.00
# Visual Studio Version 17
VisualStudioVersion = 17.0.32112.339
MinimumVisualStudioVersion = 10.0.40219.1
Project("{FAE04EC0-301F-11D3-BF4B-00C04F79EFBC}") = "WebBanGiay_BTL", "WebBanGiay_BTL\WebBanGiay_BTL.csproj", "{1DDC89A2-CA00-45EA-9713-B8019845B746}"
EndProject
Global
	GlobalSection(SolutionConfigurationPlatforms) = preSolution
		Debug|Any CPU = Debug|Any CPU
		Release|Any CPU = Release|Any CPU
	EndGlobalSection
	GlobalSection(ProjectConfigurationPlatforms) = postSolution
		{1DDC89A2-CA00-45EA-9713-B8019845B746}.Debug|Any CPU.ActiveCfg = Debug|Any CPU
		{1DDC89A2-CA00-45EA-9713-B8019845B746}.Debug|Any CPU.Build.0 = Debug|Any CPU
		{1DDC89A2-CA00-45EA-9713-B8019845B746}.Release|Any CPU.ActiveCfg = Release|Any CPU
		{1DDC89A2-CA00-45EA-9713-B8019845B746}.Release|Any CPU.Build.0 = Release|Any CPU
	EndGlobalSection
	GlobalSection(SolutionProperties) = preSolution
		HideSolutionNode = FALSE
	EndGlobalSection
	GlobalSection(ExtensibilityGlobals) = postSolution
		SolutionGuid = {B9B324D0-71C3-4050-BEBB-A71DB0D288A5}
	EndGlobalSection
EndGlobal
